
Microsoft Visual Studio Solution File, Format Version 12.00
# Visual Studio 15
VisualStudioVersion = 15.0.26403.0
MinimumVisualStudioVersion = 10.0.40219.1
Project("{FAE04EC0-301F-11D3-BF4B-00C04F79EFBC}") = "RealRestApi", "RealRestApi\RealRestApi.csproj", "{46AF0D0C-DB1C-45B6-A1F7-54D6A37D061A}"
EndProject
Project("{FAE04EC0-301F-11D3-BF4B-00C04F79EFBC}") = "RealRestApi.Tests", "RealRestApi.Tests\RealRestApi.Tests.csproj", "{D061E362-420A-45A4-B994-DF5F71AC9970}"
EndProject
Global
	GlobalSection(SolutionConfigurationPlatforms) = preSolution
		Debug|Any CPU = Debug|Any CPU
		Release|Any CPU = Release|Any CPU
	EndGlobalSection
	GlobalSection(ProjectConfigurationPlatforms) = postSolution
		{46AF0D0C-DB1C-45B6-A1F7-54D6A37D061A}.Debug|Any CPU.ActiveCfg = Debug|Any CPU
		{46AF0D0C-DB1C-45B6-A1F7-54D6A37D061A}.Debug|Any CPU.Build.0 = Debug|Any CPU
		{46AF0D0C-DB1C-45B6-A1F7-54D6A37D061A}.Release|Any CPU.ActiveCfg = Release|Any CPU
		{46AF0D0C-DB1C-45B6-A1F7-54D6A37D061A}.Release|Any CPU.Build.0 = Release|Any CPU
		{D061E362-420A-45A4-B994-DF5F71AC9970}.Debug|Any CPU.ActiveCfg = Debug|Any CPU
		{D061E362-420A-45A4-B994-DF5F71AC9970}.Debug|Any CPU.Build.0 = Debug|Any CPU
		{D061E362-420A-45A4-B994-DF5F71AC9970}.Release|Any CPU.ActiveCfg = Release|Any CPU
		{D061E362-420A-45A4-B994-DF5F71AC9970}.Release|Any CPU.Build.0 = Release|Any CPU
	EndGlobalSection
	GlobalSection(SolutionProperties) = preSolution
		HideSolutionNode = FALSE
	EndGlobalSection
EndGlobal
